// !$*UTF8*$!
{
	archiveVersion = 1;
	classes = {
	};
	objectVersion = 55;
	objects = {

/* Begin PBXBuildFile section */
		2027506D280826FF00E885E7 /* ListViewController.swift in Sources */ = {isa = PBXBuildFile; fileRef = 2027506C280826FF00E885E7 /* ListViewController.swift */; };
		2027506F2808273900E885E7 /* ListViewModel.swift in Sources */ = {isa = PBXBuildFile; fileRef = 2027506E2808273900E885E7 /* ListViewModel.swift */; };
		20275073280832CC00E885E7 /* NasaManager.swift in Sources */ = {isa = PBXBuildFile; fileRef = 20275072280832CC00E885E7 /* NasaManager.swift */; };
		202750762808417E00E885E7 /* NasaServerModel.swift in Sources */ = {isa = PBXBuildFile; fileRef = 202750752808417E00E885E7 /* NasaServerModel.swift */; };
		207F669128106F5A00BCE266 /* NasaItemModel.swift in Sources */ = {isa = PBXBuildFile; fileRef = 207F669028106F5A00BCE266 /* NasaItemModel.swift */; };
		20802BB328193D6300CF976D /* DetailsViewModel.swift in Sources */ = {isa = PBXBuildFile; fileRef = 20802BB228193D6300CF976D /* DetailsViewModel.swift */; };
		20802BB528193D7500CF976D /* DetailsViewController.swift in Sources */ = {isa = PBXBuildFile; fileRef = 20802BB428193D7500CF976D /* DetailsViewController.swift */; };
		208194A42820011200E97418 /* String.swift in Sources */ = {isa = PBXBuildFile; fileRef = 208194A32820011200E97418 /* String.swift */; };
		2086C53D2823D0C200AEA811 /* FavoritesViewController.swift in Sources */ = {isa = PBXBuildFile; fileRef = 2086C53C2823D0C200AEA811 /* FavoritesViewController.swift */; };
		2086C53F2823D0CF00AEA811 /* FavoritesViewModel.swift in Sources */ = {isa = PBXBuildFile; fileRef = 2086C53E2823D0CF00AEA811 /* FavoritesViewModel.swift */; };
		2086C5412823DC7B00AEA811 /* CoreDataManager.swift in Sources */ = {isa = PBXBuildFile; fileRef = 2086C5402823DC7A00AEA811 /* CoreDataManager.swift */; };
		2087C7902825246B00885562 /* FavoritesTableViewCell.swift in Sources */ = {isa = PBXBuildFile; fileRef = 2087C78F2825246B00885562 /* FavoritesTableViewCell.swift */; };
		20929D842806C8B000F4A278 /* SearchViewModel.swift in Sources */ = {isa = PBXBuildFile; fileRef = 20929D832806C8B000F4A278 /* SearchViewModel.swift */; };
		20929D872806E72A00F4A278 /* SearchCollectionViewCell.swift in Sources */ = {isa = PBXBuildFile; fileRef = 20929D862806E72A00F4A278 /* SearchCollectionViewCell.swift */; };
		209345D52812D59900B629A2 /* NetworkError.swift in Sources */ = {isa = PBXBuildFile; fileRef = 209345D42812D59900B629A2 /* NetworkError.swift */; };
		20965726282273D500A2A5FF /* NasaDataModel.xcdatamodeld in Sources */ = {isa = PBXBuildFile; fileRef = 20965724282273D500A2A5FF /* NasaDataModel.xcdatamodeld */; };
		20A59CC128057ACA0076545E /* AppDelegate.swift in Sources */ = {isa = PBXBuildFile; fileRef = 20A59CC028057ACA0076545E /* AppDelegate.swift */; };
		20A59CC328057ACA0076545E /* SceneDelegate.swift in Sources */ = {isa = PBXBuildFile; fileRef = 20A59CC228057ACA0076545E /* SceneDelegate.swift */; };
		20A59CC828057ACA0076545E /* Main.storyboard in Resources */ = {isa = PBXBuildFile; fileRef = 20A59CC628057ACA0076545E /* Main.storyboard */; };
		20A59CCA28057ACD0076545E /* Assets.xcassets in Resources */ = {isa = PBXBuildFile; fileRef = 20A59CC928057ACD0076545E /* Assets.xcassets */; };
		20A59CCD28057ACD0076545E /* LaunchScreen.storyboard in Resources */ = {isa = PBXBuildFile; fileRef = 20A59CCB28057ACD0076545E /* LaunchScreen.storyboard */; };
		20A59CD928058CDD0076545E /* SearchViewController.swift in Sources */ = {isa = PBXBuildFile; fileRef = 20A59CD828058CDD0076545E /* SearchViewController.swift */; };
		20B3E77F281014EE00482460 /* ListTableViewCell.swift in Sources */ = {isa = PBXBuildFile; fileRef = 20B3E77E281014EE00482460 /* ListTableViewCell.swift */; };
/* End PBXBuildFile section */

/* Begin PBXFileReference section */
		2027506C280826FF00E885E7 /* ListViewController.swift */ = {isa = PBXFileReference; lastKnownFileType = sourcecode.swift; path = ListViewController.swift; sourceTree = "<group>"; };
		2027506E2808273900E885E7 /* ListViewModel.swift */ = {isa = PBXFileReference; lastKnownFileType = sourcecode.swift; path = ListViewModel.swift; sourceTree = "<group>"; };
		20275072280832CC00E885E7 /* NasaManager.swift */ = {isa = PBXFileReference; lastKnownFileType = sourcecode.swift; path = NasaManager.swift; sourceTree = "<group>"; };
		202750752808417E00E885E7 /* NasaServerModel.swift */ = {isa = PBXFileReference; lastKnownFileType = sourcecode.swift; path = NasaServerModel.swift; sourceTree = "<group>"; };
		207F669028106F5A00BCE266 /* NasaItemModel.swift */ = {isa = PBXFileReference; lastKnownFileType = sourcecode.swift; path = NasaItemModel.swift; sourceTree = "<group>"; };
		20802BB228193D6300CF976D /* DetailsViewModel.swift */ = {isa = PBXFileReference; lastKnownFileType = sourcecode.swift; path = DetailsViewModel.swift; sourceTree = "<group>"; };
		20802BB428193D7500CF976D /* DetailsViewController.swift */ = {isa = PBXFileReference; lastKnownFileType = sourcecode.swift; path = DetailsViewController.swift; sourceTree = "<group>"; };
		208194A32820011200E97418 /* String.swift */ = {isa = PBXFileReference; lastKnownFileType = sourcecode.swift; path = String.swift; sourceTree = "<group>"; };
		2086C53C2823D0C200AEA811 /* FavoritesViewController.swift */ = {isa = PBXFileReference; lastKnownFileType = sourcecode.swift; path = FavoritesViewController.swift; sourceTree = "<group>"; };
		2086C53E2823D0CF00AEA811 /* FavoritesViewModel.swift */ = {isa = PBXFileReference; lastKnownFileType = sourcecode.swift; path = FavoritesViewModel.swift; sourceTree = "<group>"; };
		2086C5402823DC7A00AEA811 /* CoreDataManager.swift */ = {isa = PBXFileReference; lastKnownFileType = sourcecode.swift; path = CoreDataManager.swift; sourceTree = "<group>"; };
		2087C78F2825246B00885562 /* FavoritesTableViewCell.swift */ = {isa = PBXFileReference; lastKnownFileType = sourcecode.swift; path = FavoritesTableViewCell.swift; sourceTree = "<group>"; };
		20929D832806C8B000F4A278 /* SearchViewModel.swift */ = {isa = PBXFileReference; lastKnownFileType = sourcecode.swift; path = SearchViewModel.swift; sourceTree = "<group>"; };
		20929D862806E72A00F4A278 /* SearchCollectionViewCell.swift */ = {isa = PBXFileReference; lastKnownFileType = sourcecode.swift; path = SearchCollectionViewCell.swift; sourceTree = "<group>"; };
		209345D42812D59900B629A2 /* NetworkError.swift */ = {isa = PBXFileReference; lastKnownFileType = sourcecode.swift; path = NetworkError.swift; sourceTree = "<group>"; };
		20965725282273D500A2A5FF /* NasaDataModel.xcdatamodel */ = {isa = PBXFileReference; lastKnownFileType = wrapper.xcdatamodel; path = NasaDataModel.xcdatamodel; sourceTree = "<group>"; };
		20A59CBD28057ACA0076545E /* NASAImages.app */ = {isa = PBXFileReference; explicitFileType = wrapper.application; includeInIndex = 0; path = NASAImages.app; sourceTree = BUILT_PRODUCTS_DIR; };
		20A59CC028057ACA0076545E /* AppDelegate.swift */ = {isa = PBXFileReference; lastKnownFileType = sourcecode.swift; path = AppDelegate.swift; sourceTree = "<group>"; };
		20A59CC228057ACA0076545E /* SceneDelegate.swift */ = {isa = PBXFileReference; lastKnownFileType = sourcecode.swift; path = SceneDelegate.swift; sourceTree = "<group>"; };
		20A59CC728057ACA0076545E /* Base */ = {isa = PBXFileReference; lastKnownFileType = file.storyboard; name = Base; path = Base.lproj/Main.storyboard; sourceTree = "<group>"; };
		20A59CC928057ACD0076545E /* Assets.xcassets */ = {isa = PBXFileReference; lastKnownFileType = folder.assetcatalog; path = Assets.xcassets; sourceTree = "<group>"; };
		20A59CCC28057ACD0076545E /* Base */ = {isa = PBXFileReference; lastKnownFileType = file.storyboard; name = Base; path = Base.lproj/LaunchScreen.storyboard; sourceTree = "<group>"; };
		20A59CCE28057ACD0076545E /* Info.plist */ = {isa = PBXFileReference; lastKnownFileType = text.plist.xml; path = Info.plist; sourceTree = "<group>"; };
		20A59CD828058CDD0076545E /* SearchViewController.swift */ = {isa = PBXFileReference; lastKnownFileType = sourcecode.swift; path = SearchViewController.swift; sourceTree = "<group>"; };
		20B3E77E281014EE00482460 /* ListTableViewCell.swift */ = {isa = PBXFileReference; lastKnownFileType = sourcecode.swift; path = ListTableViewCell.swift; sourceTree = "<group>"; };
/* End PBXFileReference section */

/* Begin PBXFrameworksBuildPhase section */
		20A59CBA28057ACA0076545E /* Frameworks */ = {
			isa = PBXFrameworksBuildPhase;
			buildActionMask = 2147483647;
			files = (
			);
			runOnlyForDeploymentPostprocessing = 0;
		};
/* End PBXFrameworksBuildPhase section */

/* Begin PBXGroup section */
		202750692808268800E885E7 /* List */ = {
			isa = PBXGroup;
			children = (
				2027506B2808269E00E885E7 /* Model */,
				2027506A2808269700E885E7 /* Cell */,
				2027506C280826FF00E885E7 /* ListViewController.swift */,
				2027506E2808273900E885E7 /* ListViewModel.swift */,
			);
			path = List;
			sourceTree = "<group>";
		};
		2027506A2808269700E885E7 /* Cell */ = {
			isa = PBXGroup;
			children = (
				20B3E77E281014EE00482460 /* ListTableViewCell.swift */,
			);
			path = Cell;
			sourceTree = "<group>";
		};
		2027506B2808269E00E885E7 /* Model */ = {
			isa = PBXGroup;
			children = (
				207F669028106F5A00BCE266 /* NasaItemModel.swift */,
			);
			path = Model;
			sourceTree = "<group>";
		};
		20275070280832AE00E885E7 /* Managers */ = {
			isa = PBXGroup;
			children = (
				20275072280832CC00E885E7 /* NasaManager.swift */,
				209345D42812D59900B629A2 /* NetworkError.swift */,
				2086C5402823DC7A00AEA811 /* CoreDataManager.swift */,
			);
			path = Managers;
			sourceTree = "<group>";
		};
		20275074280832D200E885E7 /* Model */ = {
			isa = PBXGroup;
			children = (
				202750752808417E00E885E7 /* NasaServerModel.swift */,
			);
			path = Model;
			sourceTree = "<group>";
		};
		20802BB128193B7B00CF976D /* Details */ = {
			isa = PBXGroup;
			children = (
				20802BB228193D6300CF976D /* DetailsViewModel.swift */,
				20802BB428193D7500CF976D /* DetailsViewController.swift */,
			);
			path = Details;
			sourceTree = "<group>";
		};
		208194A2282000FF00E97418 /* Extensions */ = {
			isa = PBXGroup;
			children = (
				208194A32820011200E97418 /* String.swift */,
			);
			path = Extensions;
			sourceTree = "<group>";
		};
		2086C53B2823D0A900AEA811 /* Favorites */ = {
			isa = PBXGroup;
			children = (
				2087C78E2825244400885562 /* Cell */,
				2086C53C2823D0C200AEA811 /* FavoritesViewController.swift */,
				2086C53E2823D0CF00AEA811 /* FavoritesViewModel.swift */,
			);
			path = Favorites;
			sourceTree = "<group>";
		};
		2087C78E2825244400885562 /* Cell */ = {
			isa = PBXGroup;
			children = (
				2087C78F2825246B00885562 /* FavoritesTableViewCell.swift */,
			);
			path = Cell;
			sourceTree = "<group>";
		};
		20929D852806E6F500F4A278 /* Cell */ = {
			isa = PBXGroup;
			children = (
				20929D862806E72A00F4A278 /* SearchCollectionViewCell.swift */,
			);
			path = Cell;
			sourceTree = "<group>";
		};
		20A59CB428057AC90076545E = {
			isa = PBXGroup;
			children = (
				20A59CBF28057ACA0076545E /* NASAImages */,
				20A59CBE28057ACA0076545E /* Products */,
			);
			sourceTree = "<group>";
		};
		20A59CBE28057ACA0076545E /* Products */ = {
			isa = PBXGroup;
			children = (
				20A59CBD28057ACA0076545E /* NASAImages.app */,
			);
			name = Products;
			sourceTree = "<group>";
		};
		20A59CBF28057ACA0076545E /* NASAImages */ = {
			isa = PBXGroup;
			children = (
				208194A2282000FF00E97418 /* Extensions */,
				20275074280832D200E885E7 /* Model */,
				20275070280832AE00E885E7 /* Managers */,
				20A59CD428058C5E0076545E /* Modules */,
				20A59CC028057ACA0076545E /* AppDelegate.swift */,
				20A59CC228057ACA0076545E /* SceneDelegate.swift */,
				20A59CC628057ACA0076545E /* Main.storyboard */,
				20A59CC928057ACD0076545E /* Assets.xcassets */,
				20A59CCB28057ACD0076545E /* LaunchScreen.storyboard */,
				20A59CCE28057ACD0076545E /* Info.plist */,
				20965724282273D500A2A5FF /* NasaDataModel.xcdatamodeld */,
			);
			path = NASAImages;
			sourceTree = "<group>";
		};
		20A59CD428058C5E0076545E /* Modules */ = {
			isa = PBXGroup;
			children = (
				2086C53B2823D0A900AEA811 /* Favorites */,
				20802BB128193B7B00CF976D /* Details */,
				202750692808268800E885E7 /* List */,
				20A59CD528058C690076545E /* Search */,
			);
			path = Modules;
			sourceTree = "<group>";
		};
		20A59CD528058C690076545E /* Search */ = {
			isa = PBXGroup;
			children = (
				20929D852806E6F500F4A278 /* Cell */,
				20A59CD828058CDD0076545E /* SearchViewController.swift */,
				20929D832806C8B000F4A278 /* SearchViewModel.swift */,
			);
			path = Search;
			sourceTree = "<group>";
		};
/* End PBXGroup section */

/* Begin PBXNativeTarget section */
		20A59CBC28057ACA0076545E /* NASAImages */ = {
			isa = PBXNativeTarget;
			buildConfigurationList = 20A59CD128057ACD0076545E /* Build configuration list for PBXNativeTarget "NASAImages" */;
			buildPhases = (
				20A59CB928057ACA0076545E /* Sources */,
				20A59CBA28057ACA0076545E /* Frameworks */,
				20A59CBB28057ACA0076545E /* Resources */,
			);
			buildRules = (
			);
			dependencies = (
			);
			name = NASAImages;
			productName = NASAImages;
			productReference = 20A59CBD28057ACA0076545E /* NASAImages.app */;
			productType = "com.apple.product-type.application";
		};
/* End PBXNativeTarget section */

/* Begin PBXProject section */
		20A59CB528057AC90076545E /* Project object */ = {
			isa = PBXProject;
			attributes = {
				BuildIndependentTargetsInParallel = 1;
				LastSwiftUpdateCheck = 1330;
				LastUpgradeCheck = 1330;
				TargetAttributes = {
					20A59CBC28057ACA0076545E = {
						CreatedOnToolsVersion = 13.3.1;
					};
				};
			};
			buildConfigurationList = 20A59CB828057AC90076545E /* Build configuration list for PBXProject "NASAImages" */;
			compatibilityVersion = "Xcode 13.0";
			developmentRegion = en;
			hasScannedForEncodings = 0;
			knownRegions = (
				en,
				Base,
			);
			mainGroup = 20A59CB428057AC90076545E;
			productRefGroup = 20A59CBE28057ACA0076545E /* Products */;
			projectDirPath = "";
			projectRoot = "";
			targets = (
				20A59CBC28057ACA0076545E /* NASAImages */,
			);
		};
/* End PBXProject section */

/* Begin PBXResourcesBuildPhase section */
		20A59CBB28057ACA0076545E /* Resources */ = {
			isa = PBXResourcesBuildPhase;
			buildActionMask = 2147483647;
			files = (
				20A59CCD28057ACD0076545E /* LaunchScreen.storyboard in Resources */,
				20A59CCA28057ACD0076545E /* Assets.xcassets in Resources */,
				20A59CC828057ACA0076545E /* Main.storyboard in Resources */,
			);
			runOnlyForDeploymentPostprocessing = 0;
		};
/* End PBXResourcesBuildPhase section */

/* Begin PBXSourcesBuildPhase section */
		20A59CB928057ACA0076545E /* Sources */ = {
			isa = PBXSourcesBuildPhase;
			buildActionMask = 2147483647;
			files = (
				20965726282273D500A2A5FF /* NasaDataModel.xcdatamodeld in Sources */,
				20A59CD928058CDD0076545E /* SearchViewController.swift in Sources */,
				20A59CC128057ACA0076545E /* AppDelegate.swift in Sources */,
				2086C5412823DC7B00AEA811 /* CoreDataManager.swift in Sources */,
				20275073280832CC00E885E7 /* NasaManager.swift in Sources */,
				2087C7902825246B00885562 /* FavoritesTableViewCell.swift in Sources */,
				202750762808417E00E885E7 /* NasaServerModel.swift in Sources */,
				20802BB328193D6300CF976D /* DetailsViewModel.swift in Sources */,
				2027506F2808273900E885E7 /* ListViewModel.swift in Sources */,
				207F669128106F5A00BCE266 /* NasaItemModel.swift in Sources */,
				2086C53D2823D0C200AEA811 /* FavoritesViewController.swift in Sources */,
				2027506D280826FF00E885E7 /* ListViewController.swift in Sources */,
				20929D842806C8B000F4A278 /* SearchViewModel.swift in Sources */,
				20A59CC328057ACA0076545E /* SceneDelegate.swift in Sources */,
				2086C53F2823D0CF00AEA811 /* FavoritesViewModel.swift in Sources */,
				209345D52812D59900B629A2 /* NetworkError.swift in Sources */,
				20802BB528193D7500CF976D /* DetailsViewController.swift in Sources */,
				208194A42820011200E97418 /* String.swift in Sources */,
				20929D872806E72A00F4A278 /* SearchCollectionViewCell.swift in Sources */,
				20B3E77F281014EE00482460 /* ListTableViewCell.swift in Sources */,
			);
			runOnlyForDeploymentPostprocessing = 0;
		};
/* End PBXSourcesBuildPhase section */

/* Begin PBXVariantGroup section */
		20A59CC628057ACA0076545E /* Main.storyboard */ = {
			isa = PBXVariantGroup;
			children = (
				20A59CC728057ACA0076545E /* Base */,
			);
			name = Main.storyboard;
			sourceTree = "<group>";
		};
		20A59CCB28057ACD0076545E /* LaunchScreen.storyboard */ = {
			isa = PBXVariantGroup;
			children = (
				20A59CCC28057ACD0076545E /* Base */,
			);
			name = LaunchScreen.storyboard;
			sourceTree = "<group>";
		};
/* End PBXVariantGroup section */

/* Begin XCBuildConfiguration section */
		20A59CCF28057ACD0076545E /* Debug */ = {
			isa = XCBuildConfiguration;
			buildSettings = {
				ALWAYS_SEARCH_USER_PATHS = NO;
				CLANG_ANALYZER_NONNULL = YES;
				CLANG_ANALYZER_NUMBER_OBJECT_CONVERSION = YES_AGGRESSIVE;
				CLANG_CXX_LANGUAGE_STANDARD = "gnu++17";
				CLANG_ENABLE_MODULES = YES;
				CLANG_ENABLE_OBJC_ARC = YES;
				CLANG_ENABLE_OBJC_WEAK = YES;
				CLANG_WARN_BLOCK_CAPTURE_AUTORELEASING = YES;
				CLANG_WARN_BOOL_CONVERSION = YES;
				CLANG_WARN_COMMA = YES;
				CLANG_WARN_CONSTANT_CONVERSION = YES;
				CLANG_WARN_DEPRECATED_OBJC_IMPLEMENTATIONS = YES;
				CLANG_WARN_DIRECT_OBJC_ISA_USAGE = YES_ERROR;
				CLANG_WARN_DOCUMENTATION_COMMENTS = YES;
				CLANG_WARN_EMPTY_BODY = YES;
				CLANG_WARN_ENUM_CONVERSION = YES;
				CLANG_WARN_INFINITE_RECURSION = YES;
				CLANG_WARN_INT_CONVERSION = YES;
				CLANG_WARN_NON_LITERAL_NULL_CONVERSION = YES;
				CLANG_WARN_OBJC_IMPLICIT_RETAIN_SELF = YES;
				CLANG_WARN_OBJC_LITERAL_CONVERSION = YES;
				CLANG_WARN_OBJC_ROOT_CLASS = YES_ERROR;
				CLANG_WARN_QUOTED_INCLUDE_IN_FRAMEWORK_HEADER = YES;
				CLANG_WARN_RANGE_LOOP_ANALYSIS = YES;
				CLANG_WARN_STRICT_PROTOTYPES = YES;
				CLANG_WARN_SUSPICIOUS_MOVE = YES;
				CLANG_WARN_UNGUARDED_AVAILABILITY = YES_AGGRESSIVE;
				CLANG_WARN_UNREACHABLE_CODE = YES;
				CLANG_WARN__DUPLICATE_METHOD_MATCH = YES;
				COPY_PHASE_STRIP = NO;
				DEBUG_INFORMATION_FORMAT = dwarf;
				ENABLE_STRICT_OBJC_MSGSEND = YES;
				ENABLE_TESTABILITY = YES;
				GCC_C_LANGUAGE_STANDARD = gnu11;
				GCC_DYNAMIC_NO_PIC = NO;
				GCC_NO_COMMON_BLOCKS = YES;
				GCC_OPTIMIZATION_LEVEL = 0;
				GCC_PREPROCESSOR_DEFINITIONS = (
					"DEBUG=1",
					"$(inherited)",
				);
				GCC_WARN_64_TO_32_BIT_CONVERSION = YES;
				GCC_WARN_ABOUT_RETURN_TYPE = YES_ERROR;
				GCC_WARN_UNDECLARED_SELECTOR = YES;
				GCC_WARN_UNINITIALIZED_AUTOS = YES_AGGRESSIVE;
				GCC_WARN_UNUSED_FUNCTION = YES;
				GCC_WARN_UNUSED_VARIABLE = YES;
				IPHONEOS_DEPLOYMENT_TARGET = 15.4;
				MTL_ENABLE_DEBUG_INFO = INCLUDE_SOURCE;
				MTL_FAST_MATH = YES;
				ONLY_ACTIVE_ARCH = YES;
				SDKROOT = iphoneos;
				SWIFT_ACTIVE_COMPILATION_CONDITIONS = DEBUG;
				SWIFT_OPTIMIZATION_LEVEL = "-Onone";
			};
			name = Debug;
		};
		20A59CD028057ACD0076545E /* Release */ = {
			isa = XCBuildConfiguration;
			buildSettings = {
				ALWAYS_SEARCH_USER_PATHS = NO;
				CLANG_ANALYZER_NONNULL = YES;
				CLANG_ANALYZER_NUMBER_OBJECT_CONVERSION = YES_AGGRESSIVE;
				CLANG_CXX_LANGUAGE_STANDARD = "gnu++17";
				CLANG_ENABLE_MODULES = YES;
				CLANG_ENABLE_OBJC_ARC = YES;
				CLANG_ENABLE_OBJC_WEAK = YES;
				CLANG_WARN_BLOCK_CAPTURE_AUTORELEASING = YES;
				CLANG_WARN_BOOL_CONVERSION = YES;
				CLANG_WARN_COMMA = YES;
				CLANG_WARN_CONSTANT_CONVERSION = YES;
				CLANG_WARN_DEPRECATED_OBJC_IMPLEMENTATIONS = YES;
				CLANG_WARN_DIRECT_OBJC_ISA_USAGE = YES_ERROR;
				CLANG_WARN_DOCUMENTATION_COMMENTS = YES;
				CLANG_WARN_EMPTY_BODY = YES;
				CLANG_WARN_ENUM_CONVERSION = YES;
				CLANG_WARN_INFINITE_RECURSION = YES;
				CLANG_WARN_INT_CONVERSION = YES;
				CLANG_WARN_NON_LITERAL_NULL_CONVERSION = YES;
				CLANG_WARN_OBJC_IMPLICIT_RETAIN_SELF = YES;
				CLANG_WARN_OBJC_LITERAL_CONVERSION = YES;
				CLANG_WARN_OBJC_ROOT_CLASS = YES_ERROR;
				CLANG_WARN_QUOTED_INCLUDE_IN_FRAMEWORK_HEADER = YES;
				CLANG_WARN_RANGE_LOOP_ANALYSIS = YES;
				CLANG_WARN_STRICT_PROTOTYPES = YES;
				CLANG_WARN_SUSPICIOUS_MOVE = YES;
				CLANG_WARN_UNGUARDED_AVAILABILITY = YES_AGGRESSIVE;
				CLANG_WARN_UNREACHABLE_CODE = YES;
				CLANG_WARN__DUPLICATE_METHOD_MATCH = YES;
				COPY_PHASE_STRIP = NO;
				DEBUG_INFORMATION_FORMAT = "dwarf-with-dsym";
				ENABLE_NS_ASSERTIONS = NO;
				ENABLE_STRICT_OBJC_MSGSEND = YES;
				GCC_C_LANGUAGE_STANDARD = gnu11;
				GCC_NO_COMMON_BLOCKS = YES;
				GCC_WARN_64_TO_32_BIT_CONVERSION = YES;
				GCC_WARN_ABOUT_RETURN_TYPE = YES_ERROR;
				GCC_WARN_UNDECLARED_SELECTOR = YES;
				GCC_WARN_UNINITIALIZED_AUTOS = YES_AGGRESSIVE;
				GCC_WARN_UNUSED_FUNCTION = YES;
				GCC_WARN_UNUSED_VARIABLE = YES;
				IPHONEOS_DEPLOYMENT_TARGET = 15.4;
				MTL_ENABLE_DEBUG_INFO = NO;
				MTL_FAST_MATH = YES;
				SDKROOT = iphoneos;
				SWIFT_COMPILATION_MODE = wholemodule;
				SWIFT_OPTIMIZATION_LEVEL = "-O";
				VALIDATE_PRODUCT = YES;
			};
			name = Release;
		};
		20A59CD228057ACD0076545E /* Debug */ = {
			isa = XCBuildConfiguration;
			buildSettings = {
				ASSETCATALOG_COMPILER_APPICON_NAME = AppIcon;
				ASSETCATALOG_COMPILER_GLOBAL_ACCENT_COLOR_NAME = AccentColor;
				CODE_SIGN_STYLE = Automatic;
				CURRENT_PROJECT_VERSION = 1;
				GENERATE_INFOPLIST_FILE = YES;
				INFOPLIST_FILE = NASAImages/Info.plist;
				INFOPLIST_KEY_UIApplicationSupportsIndirectInputEvents = YES;
				INFOPLIST_KEY_UILaunchStoryboardName = LaunchScreen;
				INFOPLIST_KEY_UIMainStoryboardFile = Main;
				INFOPLIST_KEY_UISupportedInterfaceOrientations = UIInterfaceOrientationPortrait;
				INFOPLIST_KEY_UISupportedInterfaceOrientations_iPad = "UIInterfaceOrientationPortrait UIInterfaceOrientationPortraitUpsideDown UIInterfaceOrientationLandscapeLeft UIInterfaceOrientationLandscapeRight";
				INFOPLIST_KEY_UISupportedInterfaceOrientations_iPhone = "UIInterfaceOrientationPortrait UIInterfaceOrientationLandscapeLeft UIInterfaceOrientationLandscapeRight";
				LD_RUNPATH_SEARCH_PATHS = (
					"$(inherited)",
					"@executable_path/Frameworks",
				);
				MARKETING_VERSION = 1.0;
				PRODUCT_BUNDLE_IDENTIFIER = Barazite.NASAImages;
				PRODUCT_NAME = "$(TARGET_NAME)";
				SWIFT_EMIT_LOC_STRINGS = YES;
				SWIFT_VERSION = 5.0;
				TARGETED_DEVICE_FAMILY = 1;
			};
			name = Debug;
		};
		20A59CD328057ACD0076545E /* Release */ = {
			isa = XCBuildConfiguration;
			buildSettings = {
				ASSETCATALOG_COMPILER_APPICON_NAME = AppIcon;
				ASSETCATALOG_COMPILER_GLOBAL_ACCENT_COLOR_NAME = AccentColor;
				CODE_SIGN_STYLE = Automatic;
				CURRENT_PROJECT_VERSION = 1;
				GENERATE_INFOPLIST_FILE = YES;
				INFOPLIST_FILE = NASAImages/Info.plist;
				INFOPLIST_KEY_UIApplicationSupportsIndirectInputEvents = YES;
				INFOPLIST_KEY_UILaunchStoryboardName = LaunchScreen;
				INFOPLIST_KEY_UIMainStoryboardFile = Main;
				INFOPLIST_KEY_UISupportedInterfaceOrientations = UIInterfaceOrientationPortrait;
				INFOPLIST_KEY_UISupportedInterfaceOrientations_iPad = "UIInterfaceOrientationPortrait UIInterfaceOrientationPortraitUpsideDown UIInterfaceOrientationLandscapeLeft UIInterfaceOrientationLandscapeRight";
				INFOPLIST_KEY_UISupportedInterfaceOrientations_iPhone = "UIInterfaceOrientationPortrait UIInterfaceOrientationLandscapeLeft UIInterfaceOrientationLandscapeRight";
				LD_RUNPATH_SEARCH_PATHS = (
					"$(inherited)",
					"@executable_path/Frameworks",
				);
				MARKETING_VERSION = 1.0;
				PRODUCT_BUNDLE_IDENTIFIER = Barazite.NASAImages;
				PRODUCT_NAME = "$(TARGET_NAME)";
				SWIFT_EMIT_LOC_STRINGS = YES;
				SWIFT_VERSION = 5.0;
				TARGETED_DEVICE_FAMILY = 1;
			};
			name = Release;
		};
/* End XCBuildConfiguration section */

/* Begin XCConfigurationList section */
		20A59CB828057AC90076545E /* Build configuration list for PBXProject "NASAImages" */ = {
			isa = XCConfigurationList;
			buildConfigurations = (
				20A59CCF28057ACD0076545E /* Debug */,
				20A59CD028057ACD0076545E /* Release */,
			);
			defaultConfigurationIsVisible = 0;
			defaultConfigurationName = Release;
		};
		20A59CD128057ACD0076545E /* Build configuration list for PBXNativeTarget "NASAImages" */ = {
			isa = XCConfigurationList;
			buildConfigurations = (
				20A59CD228057ACD0076545E /* Debug */,
				20A59CD328057ACD0076545E /* Release */,
			);
			defaultConfigurationIsVisible = 0;
			defaultConfigurationName = Release;
		};
/* End XCConfigurationList section */

/* Begin XCVersionGroup section */
		20965724282273D500A2A5FF /* NasaDataModel.xcdatamodeld */ = {
			isa = XCVersionGroup;
			children = (
				20965725282273D500A2A5FF /* NasaDataModel.xcdatamodel */,
			);
			currentVersion = 20965725282273D500A2A5FF /* NasaDataModel.xcdatamodel */;
			path = NasaDataModel.xcdatamodeld;
			sourceTree = "<group>";
			versionGroupType = wrapper.xcdatamodel;
		};
/* End XCVersionGroup section */
	};
	rootObject = 20A59CB528057AC90076545E /* Project object */;
}
